
Microsoft Visual Studio Solution File, Format Version 12.00
# Visual Studio Version 17
VisualStudioVersion = 17.0.31903.59
MinimumVisualStudioVersion = 10.0.40219.1
Project("{FAE04EC0-301F-11D3-BF4B-00C04F79EFBC}") = "Fiap.Web.AspNet", "Fiap.Web.AspNet\Fiap.Web.AspNet.csproj", "{611E200D-1B27-465A-B5A8-990523400C69}"
EndProject
Global
	GlobalSection(SolutionConfigurationPlatforms) = preSolution
		Debug|Any CPU = Debug|Any CPU
		Release|Any CPU = Release|Any CPU
	EndGlobalSection
	GlobalSection(SolutionProperties) = preSolution
		HideSolutionNode = FALSE
	EndGlobalSection
	GlobalSection(ProjectConfigurationPlatforms) = postSolution
		{F8A1F601-E8A5-49B5-92EB-4C7F96FEAAED}.Debug|Any CPU.ActiveCfg = Debug|Any CPU
		{F8A1F601-E8A5-49B5-92EB-4C7F96FEAAED}.Debug|Any CPU.Build.0 = Debug|Any CPU
		{F8A1F601-E8A5-49B5-92EB-4C7F96FEAAED}.Release|Any CPU.ActiveCfg = Release|Any CPU
		{F8A1F601-E8A5-49B5-92EB-4C7F96FEAAED}.Release|Any CPU.Build.0 = Release|Any CPU
		{86F67CD4-F807-4824-9284-1E1216EA29A5}.Debug|Any CPU.ActiveCfg = Debug|Any CPU
		{86F67CD4-F807-4824-9284-1E1216EA29A5}.Debug|Any CPU.Build.0 = Debug|Any CPU
		{86F67CD4-F807-4824-9284-1E1216EA29A5}.Release|Any CPU.ActiveCfg = Release|Any CPU
		{86F67CD4-F807-4824-9284-1E1216EA29A5}.Release|Any CPU.Build.0 = Release|Any CPU
		{611E200D-1B27-465A-B5A8-990523400C69}.Debug|Any CPU.ActiveCfg = Debug|Any CPU
		{611E200D-1B27-465A-B5A8-990523400C69}.Debug|Any CPU.Build.0 = Debug|Any CPU
		{611E200D-1B27-465A-B5A8-990523400C69}.Release|Any CPU.ActiveCfg = Release|Any CPU
		{611E200D-1B27-465A-B5A8-990523400C69}.Release|Any CPU.Build.0 = Release|Any CPU
	EndGlobalSection
EndGlobal
